// !$*UTF8*$!
{
	archiveVersion = 1;
	classes = {
	};
	objectVersion = 46;
	objects = {

/* Begin PBXBuildFile section */
		3E98BC5A18EE37A60034FEBB /* Foundation.framework in Frameworks */ = {isa = PBXBuildFile; fileRef = 3E98BC5918EE37A60034FEBB /* Foundation.framework */; };
		3E98BC5C18EE37A60034FEBB /* CoreGraphics.framework in Frameworks */ = {isa = PBXBuildFile; fileRef = 3E98BC5B18EE37A60034FEBB /* CoreGraphics.framework */; };
		3E98BC5E18EE37A60034FEBB /* UIKit.framework in Frameworks */ = {isa = PBXBuildFile; fileRef = 3E98BC5D18EE37A60034FEBB /* UIKit.framework */; };
		3E98BC6418EE37A60034FEBB /* InfoPlist.strings in Resources */ = {isa = PBXBuildFile; fileRef = 3E98BC6218EE37A60034FEBB /* InfoPlist.strings */; };
		3E98BC6618EE37A60034FEBB /* main.m in Sources */ = {isa = PBXBuildFile; fileRef = 3E98BC6518EE37A60034FEBB /* main.m */; };
		3E98BC6A18EE37A60034FEBB /* AppDelegate.m in Sources */ = {isa = PBXBuildFile; fileRef = 3E98BC6918EE37A60034FEBB /* AppDelegate.m */; };
		3E98BC6D18EE37A60034FEBB /* Main.storyboard in Resources */ = {isa = PBXBuildFile; fileRef = 3E98BC6B18EE37A60034FEBB /* Main.storyboard */; };
		3E98BC7018EE37A60034FEBB /* ViewController.m in Sources */ = {isa = PBXBuildFile; fileRef = 3E98BC6F18EE37A60034FEBB /* ViewController.m */; };
		3E98BC7218EE37A60034FEBB /* Images.xcassets in Resources */ = {isa = PBXBuildFile; fileRef = 3E98BC7118EE37A60034FEBB /* Images.xcassets */; };
		3E98BC7918EE37A70034FEBB /* XCTest.framework in Frameworks */ = {isa = PBXBuildFile; fileRef = 3E98BC7818EE37A70034FEBB /* XCTest.framework */; };
		3E98BC7A18EE37A70034FEBB /* Foundation.framework in Frameworks */ = {isa = PBXBuildFile; fileRef = 3E98BC5918EE37A60034FEBB /* Foundation.framework */; };
		3E98BC7B18EE37A70034FEBB /* UIKit.framework in Frameworks */ = {isa = PBXBuildFile; fileRef = 3E98BC5D18EE37A60034FEBB /* UIKit.framework */; };
		3E98BC8318EE37A70034FEBB /* InfoPlist.strings in Resources */ = {isa = PBXBuildFile; fileRef = 3E98BC8118EE37A70034FEBB /* InfoPlist.strings */; };
		3E98BC8518EE37A70034FEBB /* MapsDemoTests.m in Sources */ = {isa = PBXBuildFile; fileRef = 3E98BC8418EE37A70034FEBB /* MapsDemoTests.m */; };
		3E98BC9018EE41FE0034FEBB /* MapViewController.m in Sources */ = {isa = PBXBuildFile; fileRef = 3E98BC8F18EE41FE0034FEBB /* MapViewController.m */; };
		3E98BC9318EE42630034FEBB /* DetailedViewController.m in Sources */ = {isa = PBXBuildFile; fileRef = 3E98BC9218EE42630034FEBB /* DetailedViewController.m */; };
		3E98BC9618EE42AA0034FEBB /* SSUAnnotation.m in Sources */ = {isa = PBXBuildFile; fileRef = 3E98BC9518EE42AA0034FEBB /* SSUAnnotation.m */; };
		3E98BC9918EE44490034FEBB /* SantaRosaAnnotation.m in Sources */ = {isa = PBXBuildFile; fileRef = 3E98BC9818EE44490034FEBB /* SantaRosaAnnotation.m */; };
		3E98BC9C18EE44DD0034FEBB /* SFAnnotation.m in Sources */ = {isa = PBXBuildFile; fileRef = 3E98BC9B18EE44DD0034FEBB /* SFAnnotation.m */; };
		3F4364BE19FEC2CB0016C42F /* CalixAnnotation.m in Sources */ = {isa = PBXBuildFile; fileRef = 3F4364BD19FEC2CB0016C42F /* CalixAnnotation.m */; };
		3FE5C5FF1A016506002FBCE9 /* RandomSpot.m in Sources */ = {isa = PBXBuildFile; fileRef = 3FE5C5FE1A016506002FBCE9 /* RandomSpot.m */; };
/* End PBXBuildFile section */

/* Begin PBXContainerItemProxy section */
		3E98BC7C18EE37A70034FEBB /* PBXContainerItemProxy */ = {
			isa = PBXContainerItemProxy;
			containerPortal = 3E98BC4E18EE37A60034FEBB /* Project object */;
			proxyType = 1;
			remoteGlobalIDString = 3E98BC5518EE37A60034FEBB;
			remoteInfo = MapsDemo;
		};
/* End PBXContainerItemProxy section */

/* Begin PBXFileReference section */
		3E98BC5618EE37A60034FEBB /* MapsDemo.app */ = {isa = PBXFileReference; explicitFileType = wrapper.application; includeInIndex = 0; path = MapsDemo.app; sourceTree = BUILT_PRODUCTS_DIR; };
		3E98BC5918EE37A60034FEBB /* Foundation.framework */ = {isa = PBXFileReference; lastKnownFileType = wrapper.framework; name = Foundation.framework; path = System/Library/Frameworks/Foundation.framework; sourceTree = SDKROOT; };
		3E98BC5B18EE37A60034FEBB /* CoreGraphics.framework */ = {isa = PBXFileReference; lastKnownFileType = wrapper.framework; name = CoreGraphics.framework; path = System/Library/Frameworks/CoreGraphics.framework; sourceTree = SDKROOT; };
		3E98BC5D18EE37A60034FEBB /* UIKit.framework */ = {isa = PBXFileReference; lastKnownFileType = wrapper.framework; name = UIKit.framework; path = System/Library/Frameworks/UIKit.framework; sourceTree = SDKROOT; };
		3E98BC6118EE37A60034FEBB /* MapsDemo-Info.plist */ = {isa = PBXFileReference; lastKnownFileType = text.plist.xml; path = "MapsDemo-Info.plist"; sourceTree = "<group>"; };
		3E98BC6318EE37A60034FEBB /* en */ = {isa = PBXFileReference; lastKnownFileType = text.plist.strings; name = en; path = en.lproj/InfoPlist.strings; sourceTree = "<group>"; };
		3E98BC6518EE37A60034FEBB /* main.m */ = {isa = PBXFileReference; lastKnownFileType = sourcecode.c.objc; path = main.m; sourceTree = "<group>"; };
		3E98BC6718EE37A60034FEBB /* MapsDemo-Prefix.pch */ = {isa = PBXFileReference; lastKnownFileType = sourcecode.c.h; path = "MapsDemo-Prefix.pch"; sourceTree = "<group>"; };
		3E98BC6818EE37A60034FEBB /* AppDelegate.h */ = {isa = PBXFileReference; lastKnownFileType = sourcecode.c.h; path = AppDelegate.h; sourceTree = "<group>"; };
		3E98BC6918EE37A60034FEBB /* AppDelegate.m */ = {isa = PBXFileReference; lastKnownFileType = sourcecode.c.objc; path = AppDelegate.m; sourceTree = "<group>"; };
		3E98BC6C18EE37A60034FEBB /* Base */ = {isa = PBXFileReference; lastKnownFileType = file.storyboard; name = Base; path = Base.lproj/Main.storyboard; sourceTree = "<group>"; };
		3E98BC6E18EE37A60034FEBB /* ViewController.h */ = {isa = PBXFileReference; lastKnownFileType = sourcecode.c.h; path = ViewController.h; sourceTree = "<group>"; };
		3E98BC6F18EE37A60034FEBB /* ViewController.m */ = {isa = PBXFileReference; lastKnownFileType = sourcecode.c.objc; path = ViewController.m; sourceTree = "<group>"; };
		3E98BC7118EE37A60034FEBB /* Images.xcassets */ = {isa = PBXFileReference; lastKnownFileType = folder.assetcatalog; path = Images.xcassets; sourceTree = "<group>"; };
		3E98BC7718EE37A70034FEBB /* MapsDemoTests.xctest */ = {isa = PBXFileReference; explicitFileType = wrapper.cfbundle; includeInIndex = 0; path = MapsDemoTests.xctest; sourceTree = BUILT_PRODUCTS_DIR; };
		3E98BC7818EE37A70034FEBB /* XCTest.framework */ = {isa = PBXFileReference; lastKnownFileType = wrapper.framework; name = XCTest.framework; path = Library/Frameworks/XCTest.framework; sourceTree = DEVELOPER_DIR; };
		3E98BC8018EE37A70034FEBB /* MapsDemoTests-Info.plist */ = {isa = PBXFileReference; lastKnownFileType = text.plist.xml; path = "MapsDemoTests-Info.plist"; sourceTree = "<group>"; };
		3E98BC8218EE37A70034FEBB /* en */ = {isa = PBXFileReference; lastKnownFileType = text.plist.strings; name = en; path = en.lproj/InfoPlist.strings; sourceTree = "<group>"; };
		3E98BC8418EE37A70034FEBB /* MapsDemoTests.m */ = {isa = PBXFileReference; lastKnownFileType = sourcecode.c.objc; path = MapsDemoTests.m; sourceTree = "<group>"; };
		3E98BC8E18EE41FE0034FEBB /* MapViewController.h */ = {isa = PBXFileReference; fileEncoding = 4; lastKnownFileType = sourcecode.c.h; path = MapViewController.h; sourceTree = "<group>"; };
		3E98BC8F18EE41FE0034FEBB /* MapViewController.m */ = {isa = PBXFileReference; fileEncoding = 4; lastKnownFileType = sourcecode.c.objc; path = MapViewController.m; sourceTree = "<group>"; };
		3E98BC9118EE42630034FEBB /* DetailedViewController.h */ = {isa = PBXFileReference; fileEncoding = 4; lastKnownFileType = sourcecode.c.h; path = DetailedViewController.h; sourceTree = "<group>"; };
		3E98BC9218EE42630034FEBB /* DetailedViewController.m */ = {isa = PBXFileReference; fileEncoding = 4; lastKnownFileType = sourcecode.c.objc; path = DetailedViewController.m; sourceTree = "<group>"; };
		3E98BC9418EE42AA0034FEBB /* SSUAnnotation.h */ = {isa = PBXFileReference; fileEncoding = 4; lastKnownFileType = sourcecode.c.h; path = SSUAnnotation.h; sourceTree = "<group>"; };
		3E98BC9518EE42AA0034FEBB /* SSUAnnotation.m */ = {isa = PBXFileReference; fileEncoding = 4; lastKnownFileType = sourcecode.c.objc; path = SSUAnnotation.m; sourceTree = "<group>"; };
		3E98BC9718EE44490034FEBB /* SantaRosaAnnotation.h */ = {isa = PBXFileReference; fileEncoding = 4; lastKnownFileType = sourcecode.c.h; path = SantaRosaAnnotation.h; sourceTree = "<group>"; };
		3E98BC9818EE44490034FEBB /* SantaRosaAnnotation.m */ = {isa = PBXFileReference; fileEncoding = 4; lastKnownFileType = sourcecode.c.objc; path = SantaRosaAnnotation.m; sourceTree = "<group>"; };
		3E98BC9A18EE44DD0034FEBB /* SFAnnotation.h */ = {isa = PBXFileReference; fileEncoding = 4; lastKnownFileType = sourcecode.c.h; path = SFAnnotation.h; sourceTree = "<group>"; };
		3E98BC9B18EE44DD0034FEBB /* SFAnnotation.m */ = {isa = PBXFileReference; fileEncoding = 4; lastKnownFileType = sourcecode.c.objc; path = SFAnnotation.m; sourceTree = "<group>"; };
		3F4364BC19FEC2CB0016C42F /* CalixAnnotation.h */ = {isa = PBXFileReference; fileEncoding = 4; lastKnownFileType = sourcecode.c.h; path = CalixAnnotation.h; sourceTree = "<group>"; };
		3F4364BD19FEC2CB0016C42F /* CalixAnnotation.m */ = {isa = PBXFileReference; fileEncoding = 4; lastKnownFileType = sourcecode.c.objc; path = CalixAnnotation.m; sourceTree = "<group>"; };
		3FE5C5FD1A016506002FBCE9 /* RandomSpot.h */ = {isa = PBXFileReference; fileEncoding = 4; lastKnownFileType = sourcecode.c.h; path = RandomSpot.h; sourceTree = "<group>"; };
		3FE5C5FE1A016506002FBCE9 /* RandomSpot.m */ = {isa = PBXFileReference; fileEncoding = 4; lastKnownFileType = sourcecode.c.objc; path = RandomSpot.m; sourceTree = "<group>"; };
/* End PBXFileReference section */

/* Begin PBXFrameworksBuildPhase section */
		3E98BC5318EE37A60034FEBB /* Frameworks */ = {
			isa = PBXFrameworksBuildPhase;
			buildActionMask = 2147483647;
			files = (
				3E98BC5C18EE37A60034FEBB /* CoreGraphics.framework in Frameworks */,
				3E98BC5E18EE37A60034FEBB /* UIKit.framework in Frameworks */,
				3E98BC5A18EE37A60034FEBB /* Foundation.framework in Frameworks */,
			);
			runOnlyForDeploymentPostprocessing = 0;
		};
		3E98BC7418EE37A70034FEBB /* Frameworks */ = {
			isa = PBXFrameworksBuildPhase;
			buildActionMask = 2147483647;
			files = (
				3E98BC7918EE37A70034FEBB /* XCTest.framework in Frameworks */,
				3E98BC7B18EE37A70034FEBB /* UIKit.framework in Frameworks */,
				3E98BC7A18EE37A70034FEBB /* Foundation.framework in Frameworks */,
			);
			runOnlyForDeploymentPostprocessing = 0;
		};
/* End PBXFrameworksBuildPhase section */

/* Begin PBXGroup section */
		3E98BC4D18EE37A60034FEBB = {
			isa = PBXGroup;
			children = (
				3E98BC5F18EE37A60034FEBB /* MapsDemo */,
				3E98BC7E18EE37A70034FEBB /* MapsDemoTests */,
				3E98BC5818EE37A60034FEBB /* Frameworks */,
				3E98BC5718EE37A60034FEBB /* Products */,
			);
			sourceTree = "<group>";
		};
		3E98BC5718EE37A60034FEBB /* Products */ = {
			isa = PBXGroup;
			children = (
				3E98BC5618EE37A60034FEBB /* MapsDemo.app */,
				3E98BC7718EE37A70034FEBB /* MapsDemoTests.xctest */,
			);
			name = Products;
			sourceTree = "<group>";
		};
		3E98BC5818EE37A60034FEBB /* Frameworks */ = {
			isa = PBXGroup;
			children = (
				3E98BC5918EE37A60034FEBB /* Foundation.framework */,
				3E98BC5B18EE37A60034FEBB /* CoreGraphics.framework */,
				3E98BC5D18EE37A60034FEBB /* UIKit.framework */,
				3E98BC7818EE37A70034FEBB /* XCTest.framework */,
			);
			name = Frameworks;
			sourceTree = "<group>";
		};
		3E98BC5F18EE37A60034FEBB /* MapsDemo */ = {
			isa = PBXGroup;
			children = (
				3E98BC6818EE37A60034FEBB /* AppDelegate.h */,
				3E98BC6918EE37A60034FEBB /* AppDelegate.m */,
				3E98BC6B18EE37A60034FEBB /* Main.storyboard */,
				3E98BC6E18EE37A60034FEBB /* ViewController.h */,
				3E98BC6F18EE37A60034FEBB /* ViewController.m */,
				3E98BC7118EE37A60034FEBB /* Images.xcassets */,
				3E98BC6018EE37A60034FEBB /* Supporting Files */,
				3E98BC8E18EE41FE0034FEBB /* MapViewController.h */,
				3E98BC8F18EE41FE0034FEBB /* MapViewController.m */,
				3E98BC9118EE42630034FEBB /* DetailedViewController.h */,
				3E98BC9218EE42630034FEBB /* DetailedViewController.m */,
				3E98BC9418EE42AA0034FEBB /* SSUAnnotation.h */,
				3E98BC9518EE42AA0034FEBB /* SSUAnnotation.m */,
				3E98BC9718EE44490034FEBB /* SantaRosaAnnotation.h */,
				3E98BC9818EE44490034FEBB /* SantaRosaAnnotation.m */,
				3E98BC9A18EE44DD0034FEBB /* SFAnnotation.h */,
				3E98BC9B18EE44DD0034FEBB /* SFAnnotation.m */,
				3F4364BC19FEC2CB0016C42F /* CalixAnnotation.h */,
				3F4364BD19FEC2CB0016C42F /* CalixAnnotation.m */,
				3FE5C5FD1A016506002FBCE9 /* RandomSpot.h */,
				3FE5C5FE1A016506002FBCE9 /* RandomSpot.m */,
			);
			path = MapsDemo;
			sourceTree = "<group>";
		};
		3E98BC6018EE37A60034FEBB /* Supporting Files */ = {
			isa = PBXGroup;
			children = (
				3E98BC6118EE37A60034FEBB /* MapsDemo-Info.plist */,
				3E98BC6218EE37A60034FEBB /* InfoPlist.strings */,
				3E98BC6518EE37A60034FEBB /* main.m */,
				3E98BC6718EE37A60034FEBB /* MapsDemo-Prefix.pch */,
			);
			name = "Supporting Files";
			sourceTree = "<group>";
		};
		3E98BC7E18EE37A70034FEBB /* MapsDemoTests */ = {
			isa = PBXGroup;
			children = (
				3E98BC8418EE37A70034FEBB /* MapsDemoTests.m */,
				3E98BC7F18EE37A70034FEBB /* Supporting Files */,
			);
			path = MapsDemoTests;
			sourceTree = "<group>";
		};
		3E98BC7F18EE37A70034FEBB /* Supporting Files */ = {
			isa = PBXGroup;
			children = (
				3E98BC8018EE37A70034FEBB /* MapsDemoTests-Info.plist */,
				3E98BC8118EE37A70034FEBB /* InfoPlist.strings */,
			);
			name = "Supporting Files";
			sourceTree = "<group>";
		};
/* End PBXGroup section */

/* Begin PBXNativeTarget section */
		3E98BC5518EE37A60034FEBB /* MapsDemo */ = {
			isa = PBXNativeTarget;
			buildConfigurationList = 3E98BC8818EE37A70034FEBB /* Build configuration list for PBXNativeTarget "MapsDemo" */;
			buildPhases = (
				3E98BC5218EE37A60034FEBB /* Sources */,
				3E98BC5318EE37A60034FEBB /* Frameworks */,
				3E98BC5418EE37A60034FEBB /* Resources */,
			);
			buildRules = (
			);
			dependencies = (
			);
			name = MapsDemo;
			productName = MapsDemo;
			productReference = 3E98BC5618EE37A60034FEBB /* MapsDemo.app */;
			productType = "com.apple.product-type.application";
		};
		3E98BC7618EE37A70034FEBB /* MapsDemoTests */ = {
			isa = PBXNativeTarget;
			buildConfigurationList = 3E98BC8B18EE37A70034FEBB /* Build configuration list for PBXNativeTarget "MapsDemoTests" */;
			buildPhases = (
				3E98BC7318EE37A70034FEBB /* Sources */,
				3E98BC7418EE37A70034FEBB /* Frameworks */,
				3E98BC7518EE37A70034FEBB /* Resources */,
			);
			buildRules = (
			);
			dependencies = (
				3E98BC7D18EE37A70034FEBB /* PBXTargetDependency */,
			);
			name = MapsDemoTests;
			productName = MapsDemoTests;
			productReference = 3E98BC7718EE37A70034FEBB /* MapsDemoTests.xctest */;
			productType = "com.apple.product-type.bundle.unit-test";
		};
/* End PBXNativeTarget section */

/* Begin PBXProject section */
		3E98BC4E18EE37A60034FEBB /* Project object */ = {
			isa = PBXProject;
			attributes = {
				LastUpgradeCheck = 0510;
				ORGANIZATIONNAME = "Ali Kooshesh";
				TargetAttributes = {
					3E98BC7618EE37A70034FEBB = {
						TestTargetID = 3E98BC5518EE37A60034FEBB;
					};
				};
			};
			buildConfigurationList = 3E98BC5118EE37A60034FEBB /* Build configuration list for PBXProject "MapsDemo" */;
			compatibilityVersion = "Xcode 3.2";
			developmentRegion = English;
			hasScannedForEncodings = 0;
			knownRegions = (
				en,
				Base,
			);
			mainGroup = 3E98BC4D18EE37A60034FEBB;
			productRefGroup = 3E98BC5718EE37A60034FEBB /* Products */;
			projectDirPath = "";
			projectRoot = "";
			targets = (
				3E98BC5518EE37A60034FEBB /* MapsDemo */,
				3E98BC7618EE37A70034FEBB /* MapsDemoTests */,
			);
		};
/* End PBXProject section */

/* Begin PBXResourcesBuildPhase section */
		3E98BC5418EE37A60034FEBB /* Resources */ = {
			isa = PBXResourcesBuildPhase;
			buildActionMask = 2147483647;
			files = (
				3E98BC7218EE37A60034FEBB /* Images.xcassets in Resources */,
				3E98BC6418EE37A60034FEBB /* InfoPlist.strings in Resources */,
				3E98BC6D18EE37A60034FEBB /* Main.storyboard in Resources */,
			);
			runOnlyForDeploymentPostprocessing = 0;
		};
		3E98BC7518EE37A70034FEBB /* Resources */ = {
			isa = PBXResourcesBuildPhase;
			buildActionMask = 2147483647;
			files = (
				3E98BC8318EE37A70034FEBB /* InfoPlist.strings in Resources */,
			);
			runOnlyForDeploymentPostprocessing = 0;
		};
/* End PBXResourcesBuildPhase section */

/* Begin PBXSourcesBuildPhase section */
		3E98BC5218EE37A60034FEBB /* Sources */ = {
			isa = PBXSourcesBuildPhase;
			buildActionMask = 2147483647;
			files = (
				3E98BC7018EE37A60034FEBB /* ViewController.m in Sources */,
				3E98BC9918EE44490034FEBB /* SantaRosaAnnotation.m in Sources */,
				3E98BC6A18EE37A60034FEBB /* AppDelegate.m in Sources */,
				3E98BC9618EE42AA0034FEBB /* SSUAnnotation.m in Sources */,
				3FE5C5FF1A016506002FBCE9 /* RandomSpot.m in Sources */,
				3F4364BE19FEC2CB0016C42F /* CalixAnnotation.m in Sources */,
				3E98BC6618EE37A60034FEBB /* main.m in Sources */,
				3E98BC9C18EE44DD0034FEBB /* SFAnnotation.m in Sources */,
				3E98BC9018EE41FE0034FEBB /* MapViewController.m in Sources */,
				3E98BC9318EE42630034FEBB /* DetailedViewController.m in Sources */,
			);
			runOnlyForDeploymentPostprocessing = 0;
		};
		3E98BC7318EE37A70034FEBB /* Sources */ = {
			isa = PBXSourcesBuildPhase;
			buildActionMask = 2147483647;
			files = (
				3E98BC8518EE37A70034FEBB /* MapsDemoTests.m in Sources */,
			);
			runOnlyForDeploymentPostprocessing = 0;
		};
/* End PBXSourcesBuildPhase section */

/* Begin PBXTargetDependency section */
		3E98BC7D18EE37A70034FEBB /* PBXTargetDependency */ = {
			isa = PBXTargetDependency;
			target = 3E98BC5518EE37A60034FEBB /* MapsDemo */;
			targetProxy = 3E98BC7C18EE37A70034FEBB /* PBXContainerItemProxy */;
		};
/* End PBXTargetDependency section */

/* Begin PBXVariantGroup section */
		3E98BC6218EE37A60034FEBB /* InfoPlist.strings */ = {
			isa = PBXVariantGroup;
			children = (
				3E98BC6318EE37A60034FEBB /* en */,
			);
			name = InfoPlist.strings;
			sourceTree = "<group>";
		};
		3E98BC6B18EE37A60034FEBB /* Main.storyboard */ = {
			isa = PBXVariantGroup;
			children = (
				3E98BC6C18EE37A60034FEBB /* Base */,
			);
			name = Main.storyboard;
			sourceTree = "<group>";
		};
		3E98BC8118EE37A70034FEBB /* InfoPlist.strings */ = {
			isa = PBXVariantGroup;
			children = (
				3E98BC8218EE37A70034FEBB /* en */,
			);
			name = InfoPlist.strings;
			sourceTree = "<group>";
		};
/* End PBXVariantGroup section */

/* Begin XCBuildConfiguration section */
		3E98BC8618EE37A70034FEBB /* Debug */ = {
			isa = XCBuildConfiguration;
			buildSettings = {
				ALWAYS_SEARCH_USER_PATHS = NO;
				CLANG_CXX_LANGUAGE_STANDARD = "gnu++0x";
				CLANG_CXX_LIBRARY = "libc++";
				CLANG_ENABLE_MODULES = YES;
				CLANG_ENABLE_OBJC_ARC = YES;
				CLANG_WARN_BOOL_CONVERSION = YES;
				CLANG_WARN_CONSTANT_CONVERSION = YES;
				CLANG_WARN_DIRECT_OBJC_ISA_USAGE = YES_ERROR;
				CLANG_WARN_EMPTY_BODY = YES;
				CLANG_WARN_ENUM_CONVERSION = YES;
				CLANG_WARN_INT_CONVERSION = YES;
				CLANG_WARN_OBJC_ROOT_CLASS = YES_ERROR;
				CLANG_WARN__DUPLICATE_METHOD_MATCH = YES;
				"CODE_SIGN_IDENTITY[sdk=iphoneos*]" = "iPhone Developer";
				COPY_PHASE_STRIP = NO;
				GCC_C_LANGUAGE_STANDARD = gnu99;
				GCC_DYNAMIC_NO_PIC = NO;
				GCC_OPTIMIZATION_LEVEL = 0;
				GCC_PREPROCESSOR_DEFINITIONS = (
					"DEBUG=1",
					"$(inherited)",
				);
				GCC_SYMBOLS_PRIVATE_EXTERN = NO;
				GCC_WARN_64_TO_32_BIT_CONVERSION = YES;
				GCC_WARN_ABOUT_RETURN_TYPE = YES_ERROR;
				GCC_WARN_UNDECLARED_SELECTOR = YES;
				GCC_WARN_UNINITIALIZED_AUTOS = YES_AGGRESSIVE;
				GCC_WARN_UNUSED_FUNCTION = YES;
				GCC_WARN_UNUSED_VARIABLE = YES;
				IPHONEOS_DEPLOYMENT_TARGET = 7.1;
				ONLY_ACTIVE_ARCH = YES;
				SDKROOT = iphoneos;
			};
			name = Debug;
		};
		3E98BC8718EE37A70034FEBB /* Release */ = {
			isa = XCBuildConfiguration;
			buildSettings = {
				ALWAYS_SEARCH_USER_PATHS = NO;
				CLANG_CXX_LANGUAGE_STANDARD = "gnu++0x";
				CLANG_CXX_LIBRARY = "libc++";
				CLANG_ENABLE_MODULES = YES;
				CLANG_ENABLE_OBJC_ARC = YES;
				CLANG_WARN_BOOL_CONVERSION = YES;
				CLANG_WARN_CONSTANT_CONVERSION = YES;
				CLANG_WARN_DIRECT_OBJC_ISA_USAGE = YES_ERROR;
				CLANG_WARN_EMPTY_BODY = YES;
				CLANG_WARN_ENUM_CONVERSION = YES;
				CLANG_WARN_INT_CONVERSION = YES;
				CLANG_WARN_OBJC_ROOT_CLASS = YES_ERROR;
				CLANG_WARN__DUPLICATE_METHOD_MATCH = YES;
				"CODE_SIGN_IDENTITY[sdk=iphoneos*]" = "iPhone Developer";
				COPY_PHASE_STRIP = YES;
				ENABLE_NS_ASSERTIONS = NO;
				GCC_C_LANGUAGE_STANDARD = gnu99;
				GCC_WARN_64_TO_32_BIT_CONVERSION = YES;
				GCC_WARN_ABOUT_RETURN_TYPE = YES_ERROR;
				GCC_WARN_UNDECLARED_SELECTOR = YES;
				GCC_WARN_UNINITIALIZED_AUTOS = YES_AGGRESSIVE;
				GCC_WARN_UNUSED_FUNCTION = YES;
				GCC_WARN_UNUSED_VARIABLE = YES;
				IPHONEOS_DEPLOYMENT_TARGET = 7.1;
				SDKROOT = iphoneos;
				VALIDATE_PRODUCT = YES;
			};
			name = Release;
		};
		3E98BC8918EE37A70034FEBB /* Debug */ = {
			isa = XCBuildConfiguration;
			buildSettings = {
				ASSETCATALOG_COMPILER_APPICON_NAME = AppIcon;
				ASSETCATALOG_COMPILER_LAUNCHIMAGE_NAME = LaunchImage;
				GCC_PRECOMPILE_PREFIX_HEADER = YES;
				GCC_PREFIX_HEADER = "MapsDemo/MapsDemo-Prefix.pch";
				INFOPLIST_FILE = "MapsDemo/MapsDemo-Info.plist";
				PRODUCT_NAME = "$(TARGET_NAME)";
				WRAPPER_EXTENSION = app;
			};
			name = Debug;
		};
		3E98BC8A18EE37A70034FEBB /* Release */ = {
			isa = XCBuildConfiguration;
			buildSettings = {
				ASSETCATALOG_COMPILER_APPICON_NAME = AppIcon;
				ASSETCATALOG_COMPILER_LAUNCHIMAGE_NAME = LaunchImage;
				GCC_PRECOMPILE_PREFIX_HEADER = YES;
				GCC_PREFIX_HEADER = "MapsDemo/MapsDemo-Prefix.pch";
				INFOPLIST_FILE = "MapsDemo/MapsDemo-Info.plist";
				PRODUCT_NAME = "$(TARGET_NAME)";
				WRAPPER_EXTENSION = app;
			};
			name = Release;
		};
		3E98BC8C18EE37A70034FEBB /* Debug */ = {
			isa = XCBuildConfiguration;
			buildSettings = {
				BUNDLE_LOADER = "$(BUILT_PRODUCTS_DIR)/MapsDemo.app/MapsDemo";
				FRAMEWORK_SEARCH_PATHS = (
					"$(SDKROOT)/Developer/Library/Frameworks",
					"$(inherited)",
					"$(DEVELOPER_FRAMEWORKS_DIR)",
				);
				GCC_PRECOMPILE_PREFIX_HEADER = YES;
				GCC_PREFIX_HEADER = "MapsDemo/MapsDemo-Prefix.pch";
				GCC_PREPROCESSOR_DEFINITIONS = (
					"DEBUG=1",
					"$(inherited)",
				);
				INFOPLIST_FILE = "MapsDemoTests/MapsDemoTests-Info.plist";
				PRODUCT_NAME = "$(TARGET_NAME)";
				TEST_HOST = "$(BUNDLE_LOADER)";
				WRAPPER_EXTENSION = xctest;
			};
			name = Debug;
		};
		3E98BC8D18EE37A70034FEBB /* Release */ = {
			isa = XCBuildConfiguration;
			buildSettings = {
				BUNDLE_LOADER = "$(BUILT_PRODUCTS_DIR)/MapsDemo.app/MapsDemo";
				FRAMEWORK_SEARCH_PATHS = (
					"$(SDKROOT)/Developer/Library/Frameworks",
					"$(inherited)",
					"$(DEVELOPER_FRAMEWORKS_DIR)",
				);
				GCC_PRECOMPILE_PREFIX_HEADER = YES;
				GCC_PREFIX_HEADER = "MapsDemo/MapsDemo-Prefix.pch";
				INFOPLIST_FILE = "MapsDemoTests/MapsDemoTests-Info.plist";
				PRODUCT_NAME = "$(TARGET_NAME)";
				TEST_HOST = "$(BUNDLE_LOADER)";
				WRAPPER_EXTENSION = xctest;
			};
			name = Release;
		};
/* End XCBuildConfiguration section */

/* Begin XCConfigurationList section */
		3E98BC5118EE37A60034FEBB /* Build configuration list for PBXProject "MapsDemo" */ = {
			isa = XCConfigurationList;
			buildConfigurations = (
				3E98BC8618EE37A70034FEBB /* Debug */,
				3E98BC8718EE37A70034FEBB /* Release */,
			);
			defaultConfigurationIsVisible = 0;
			defaultConfigurationName = Release;
		};
		3E98BC8818EE37A70034FEBB /* Build configuration list for PBXNativeTarget "MapsDemo" */ = {
			isa = XCConfigurationList;
			buildConfigurations = (
				3E98BC8918EE37A70034FEBB /* Debug */,
				3E98BC8A18EE37A70034FEBB /* Release */,
			);
			defaultConfigurationIsVisible = 0;
			defaultConfigurationName = Release;
		};
		3E98BC8B18EE37A70034FEBB /* Build configuration list for PBXNativeTarget "MapsDemoTests" */ = {
			isa = XCConfigurationList;
			buildConfigurations = (
				3E98BC8C18EE37A70034FEBB /* Debug */,
				3E98BC8D18EE37A70034FEBB /* Release */,
			);
			defaultConfigurationIsVisible = 0;
			defaultConfigurationName = Release;
		};
/* End XCConfigurationList section */
	};
	rootObject = 3E98BC4E18EE37A60034FEBB /* Project object */;
}
